
Microsoft Visual Studio Solution File, Format Version 12.00
# Visual Studio Version 16
VisualStudioVersion = 16.0.29009.5
MinimumVisualStudioVersion = 10.0.40219.1
Project("{9A19103F-16F7-4668-BE54-9A1E7A4F7556}") = "BoggleREST", "BoggleREST.csproj", "{1FA76F1C-0198-45D9-840F-AC9F1DEB0203}"
EndProject
Global
	GlobalSection(SolutionConfigurationPlatforms) = preSolution
		Debug|Any CPU = Debug|Any CPU
		Release|Any CPU = Release|Any CPU
	EndGlobalSection
	GlobalSection(ProjectConfigurationPlatforms) = postSolution
		{1FA76F1C-0198-45D9-840F-AC9F1DEB0203}.Debug|Any CPU.ActiveCfg = Debug|Any CPU
		{1FA76F1C-0198-45D9-840F-AC9F1DEB0203}.Debug|Any CPU.Build.0 = Debug|Any CPU
		{1FA76F1C-0198-45D9-840F-AC9F1DEB0203}.Release|Any CPU.ActiveCfg = Release|Any CPU
		{1FA76F1C-0198-45D9-840F-AC9F1DEB0203}.Release|Any CPU.Build.0 = Release|Any CPU
	EndGlobalSection
	GlobalSection(SolutionProperties) = preSolution
		HideSolutionNode = FALSE
	EndGlobalSection
	GlobalSection(ExtensibilityGlobals) = postSolution
		SolutionGuid = {AE87B76B-27DA-4F42-B281-1874A98E61DA}
	EndGlobalSection
EndGlobal
